
Microsoft Visual Studio Solution File, Format Version 12.00
# Visual Studio Version 16
VisualStudioVersion = 16.0.30114.105
MinimumVisualStudioVersion = 10.0.40219.1
Project("{FAE04EC0-301F-11D3-BF4B-00C04F79EFBC}") = "Explorer", "Explorer.csproj", "{FFF1B378-747C-4B2C-9D37-6CF23DA69A88}"
EndProject
Global
	GlobalSection(SolutionConfigurationPlatforms) = preSolution
		Debug|Any CPU = Debug|Any CPU
		Release|Any CPU = Release|Any CPU
	EndGlobalSection
	GlobalSection(ProjectConfigurationPlatforms) = postSolution
		{FFF1B378-747C-4B2C-9D37-6CF23DA69A88}.Debug|Any CPU.ActiveCfg = Debug|Any CPU
		{FFF1B378-747C-4B2C-9D37-6CF23DA69A88}.Debug|Any CPU.Build.0 = Debug|Any CPU
		{FFF1B378-747C-4B2C-9D37-6CF23DA69A88}.Release|Any CPU.ActiveCfg = Release|Any CPU
		{FFF1B378-747C-4B2C-9D37-6CF23DA69A88}.Release|Any CPU.Build.0 = Release|Any CPU
	EndGlobalSection
	GlobalSection(SolutionProperties) = preSolution
		HideSolutionNode = FALSE
	EndGlobalSection
	GlobalSection(ExtensibilityGlobals) = postSolution
		SolutionGuid = {656EBE52-624D-42B6-9BCA-72D4306AE74A}
	EndGlobalSection
EndGlobal
