
Microsoft Visual Studio Solution File, Format Version 12.00
# Visual Studio Version 16
VisualStudioVersion = 16.0.30114.105
MinimumVisualStudioVersion = 10.0.40219.1
Project("{FAE04EC0-301F-11D3-BF4B-00C04F79EFBC}") = "Explorer", "Explorer.csproj", "{E1F1648C-2F7E-41F4-83F8-3A52A3FB0FD3}"
EndProject
Global
	GlobalSection(SolutionConfigurationPlatforms) = preSolution
		Debug|Any CPU = Debug|Any CPU
		Release|Any CPU = Release|Any CPU
	EndGlobalSection
	GlobalSection(ProjectConfigurationPlatforms) = postSolution
		{E1F1648C-2F7E-41F4-83F8-3A52A3FB0FD3}.Debug|Any CPU.ActiveCfg = Debug|Any CPU
		{E1F1648C-2F7E-41F4-83F8-3A52A3FB0FD3}.Debug|Any CPU.Build.0 = Debug|Any CPU
		{E1F1648C-2F7E-41F4-83F8-3A52A3FB0FD3}.Release|Any CPU.ActiveCfg = Release|Any CPU
		{E1F1648C-2F7E-41F4-83F8-3A52A3FB0FD3}.Release|Any CPU.Build.0 = Release|Any CPU
	EndGlobalSection
	GlobalSection(SolutionProperties) = preSolution
		HideSolutionNode = FALSE
	EndGlobalSection
	GlobalSection(ExtensibilityGlobals) = postSolution
		SolutionGuid = {4C402412-8E17-4918-AF6D-CCB366E7E163}
	EndGlobalSection
EndGlobal
